{
	"name": "@stilt/core",
	"version": "0.21.0-alpha.16",
	"lockfileVersion": 2,
	"requires": true,
	"packages": {
		"": {
			"name": "@stilt/core",
			"version": "0.21.0-alpha.16",
			"license": "MIT",
			"dependencies": {
				"emittery": "^0.7.1"
			}
		},
		"node_modules/emittery": {
			"version": "0.7.1",
			"resolved": "https://registry.npmjs.org/emittery/-/emittery-0.7.1.tgz",
			"integrity": "sha512-d34LN4L6h18Bzz9xpoku2nPwKxCPlPMr3EEKTkoEBi+1/+b0lcRkRJ1UVyyZaKNeqGR3swcGl6s390DNO4YVgQ==",
			"engines": {
				"node": ">=10"
			},
			"funding": {
				"url": "https://github.com/sindresorhus/emittery?sponsor=1"
			}
		}
	},
	"dependencies": {
		"emittery": {
			"version": "0.7.1",
			"resolved": "https://registry.npmjs.org/emittery/-/emittery-0.7.1.tgz",
			"integrity": "sha512-d34LN4L6h18Bzz9xpoku2nPwKxCPlPMr3EEKTkoEBi+1/+b0lcRkRJ1UVyyZaKNeqGR3swcGl6s390DNO4YVgQ=="
		}
	}
}
